PODS:
  - FPRefresh (0.1.2):
    - FPRefresh/Refresh (= 0.1.2)
    - MJRefresh
  - FPRefresh/Refresh (0.1.2):
    - MJRefresh
  - MJRefresh (3.3.1)
  - MXParallaxHeader (1.1.0)
  - XLPagerTabStripObjcContinue (1.0.2):
    - XLPagerTabStripObjcContinue/MXParallaxHeader (= 1.0.2)
    - XLPagerTabStripObjcContinue/XLPagerTabStrip (= 1.0.2)
  - XLPagerTabStripObjcContinue/MXParallaxHeader (1.0.2):
    - MXParallaxHeader (~> 1.1.0)
    - XLPagerTabStripObjcContinue/XLPagerTabStrip
  - XLPagerTabStripObjcContinue/XLPagerTabStrip (1.0.2)

DEPENDENCIES:
  - FPRefresh
  - XLPagerTabStripObjcContinue (from `../`)

SPEC REPOS:
  trunk:
    - FPRefresh
    - MJRefresh
    - MXParallaxHeader

EXTERNAL SOURCES:
  XLPagerTabStripObjcContinue:
    :path: "../"

SPEC CHECKSUMS:
  FPRefresh: 46fa191076ac3186a4dd0f0c636ecd9b13f79475
  MJRefresh: eeda70fbf0ad277f3178cef1cd0c3532591d6237
  MXParallaxHeader: de3c867e10ba46e8f6e20c8ee1f2a910372b3b94
  XLPagerTabStripObjcContinue: 3e9a240cc3d134ceedab69e7f09687a628e5856a

PODFILE CHECKSUM: 11297381223c2c51f2a009926b881910c707fca3

COCOAPODS: 1.9.0.beta.2
